// !$*UTF8*$!
{
	archiveVersion = 1;
	classes = {
	};
	objectVersion = 52;
	objects = {

/* Begin PBXBuildFile section */
		3E09C458254F4030001273BA /* AppConstant.swift in Sources */ = {isa = PBXBuildFile; fileRef = 3E09C457254F4030001273BA /* AppConstant.swift */; };
		3E6DA235254DB77C00D8D380 /* ItemCollectionViewCell.swift in Sources */ = {isa = PBXBuildFile; fileRef = 3E6DA234254DB77C00D8D380 /* ItemCollectionViewCell.swift */; };
		3E6DA237254DD06500D8D380 /* ItemModel.swift in Sources */ = {isa = PBXBuildFile; fileRef = 3E6DA236254DD06500D8D380 /* ItemModel.swift */; };
		3E6DA238254DD12A00D8D380 /* products.json in Resources */ = {isa = PBXBuildFile; fileRef = 99C116C12547DDDF00E14369 /* products.json */; };
		3E6E1C97254EB22B0001E667 /* SDWebImage in Frameworks */ = {isa = PBXBuildFile; productRef = 3E6E1C96254EB22B0001E667 /* SDWebImage */; };
		3E6E1CA0254EB87C0001E667 /* ProductListProtocol.swift in Sources */ = {isa = PBXBuildFile; fileRef = 3E6E1C9F254EB87C0001E667 /* ProductListProtocol.swift */; };
		3E6E1CA2254EB92C0001E667 /* ProductListPresenter.swift in Sources */ = {isa = PBXBuildFile; fileRef = 3E6E1CA1254EB92C0001E667 /* ProductListPresenter.swift */; };
		3E6E1CA4254EBA640001E667 /* ProductListInteractor.swift in Sources */ = {isa = PBXBuildFile; fileRef = 3E6E1CA3254EBA640001E667 /* ProductListInteractor.swift */; };
		3E6E1CA6254EBB3D0001E667 /* ProductListRouter.swift in Sources */ = {isa = PBXBuildFile; fileRef = 3E6E1CA5254EBB3D0001E667 /* ProductListRouter.swift */; };
		3ECBB7F0254E9FE5002A9A12 /* Product.storyboard in Resources */ = {isa = PBXBuildFile; fileRef = 3ECBB7EF254E9FE5002A9A12 /* Product.storyboard */; };
		3EFAD019254EE5130041A2CB /* DataWorker.swift in Sources */ = {isa = PBXBuildFile; fileRef = 3EFAD018254EE5130041A2CB /* DataWorker.swift */; };
		99C116912547C6EA00E14369 /* AppDelegate.swift in Sources */ = {isa = PBXBuildFile; fileRef = 99C116902547C6EA00E14369 /* AppDelegate.swift */; };
		99C116952547C6EA00E14369 /* ProductListViewController.swift in Sources */ = {isa = PBXBuildFile; fileRef = 99C116942547C6EA00E14369 /* ProductListViewController.swift */; };
		99C1169A2547C6EC00E14369 /* Assets.xcassets in Resources */ = {isa = PBXBuildFile; fileRef = 99C116992547C6EC00E14369 /* Assets.xcassets */; };
		99C1169D2547C6EC00E14369 /* LaunchScreen.storyboard in Resources */ = {isa = PBXBuildFile; fileRef = 99C1169B2547C6EC00E14369 /* LaunchScreen.storyboard */; };
		99C116A82547C6EC00E14369 /* foodpanda_product_listingTests.swift in Sources */ = {isa = PBXBuildFile; fileRef = 99C116A72547C6EC00E14369 /* foodpanda_product_listingTests.swift */; };
		99C116B32547C6EC00E14369 /* foodpanda_product_listingUITests.swift in Sources */ = {isa = PBXBuildFile; fileRef = 99C116B22547C6EC00E14369 /* foodpanda_product_listingUITests.swift */; };
/* End PBXBuildFile section */

/* Begin PBXContainerItemProxy section */
		99C116A42547C6EC00E14369 /* PBXContainerItemProxy */ = {
			isa = PBXContainerItemProxy;
			containerPortal = 99C116852547C6EA00E14369 /* Project object */;
			proxyType = 1;
			remoteGlobalIDString = 99C1168C2547C6EA00E14369;
			remoteInfo = "foodpanda-product-listing";
		};
		99C116AF2547C6EC00E14369 /* PBXContainerItemProxy */ = {
			isa = PBXContainerItemProxy;
			containerPortal = 99C116852547C6EA00E14369 /* Project object */;
			proxyType = 1;
			remoteGlobalIDString = 99C1168C2547C6EA00E14369;
			remoteInfo = "foodpanda-product-listing";
		};
/* End PBXContainerItemProxy section */

/* Begin PBXFileReference section */
		3E09C457254F4030001273BA /* AppConstant.swift */ = {isa = PBXFileReference; lastKnownFileType = sourcecode.swift; path = AppConstant.swift; sourceTree = "<group>"; };
		3E6DA234254DB77C00D8D380 /* ItemCollectionViewCell.swift */ = {isa = PBXFileReference; lastKnownFileType = sourcecode.swift; path = ItemCollectionViewCell.swift; sourceTree = "<group>"; };
		3E6DA236254DD06500D8D380 /* ItemModel.swift */ = {isa = PBXFileReference; lastKnownFileType = sourcecode.swift; path = ItemModel.swift; sourceTree = "<group>"; };
		3E6E1C9F254EB87C0001E667 /* ProductListProtocol.swift */ = {isa = PBXFileReference; lastKnownFileType = sourcecode.swift; path = ProductListProtocol.swift; sourceTree = "<group>"; };
		3E6E1CA1254EB92C0001E667 /* ProductListPresenter.swift */ = {isa = PBXFileReference; lastKnownFileType = sourcecode.swift; path = ProductListPresenter.swift; sourceTree = "<group>"; };
		3E6E1CA3254EBA640001E667 /* ProductListInteractor.swift */ = {isa = PBXFileReference; lastKnownFileType = sourcecode.swift; path = ProductListInteractor.swift; sourceTree = "<group>"; };
		3E6E1CA5254EBB3D0001E667 /* ProductListRouter.swift */ = {isa = PBXFileReference; lastKnownFileType = sourcecode.swift; path = ProductListRouter.swift; sourceTree = "<group>"; };
		3ECBB7EF254E9FE5002A9A12 /* Product.storyboard */ = {isa = PBXFileReference; lastKnownFileType = file.storyboard; path = Product.storyboard; sourceTree = "<group>"; };
		3EFAD018254EE5130041A2CB /* DataWorker.swift */ = {isa = PBXFileReference; lastKnownFileType = sourcecode.swift; path = DataWorker.swift; sourceTree = "<group>"; };
		99C1168D2547C6EA00E14369 /* foodpanda-product-listing.app */ = {isa = PBXFileReference; explicitFileType = wrapper.application; includeInIndex = 0; path = "foodpanda-product-listing.app"; sourceTree = BUILT_PRODUCTS_DIR; };
		99C116902547C6EA00E14369 /* AppDelegate.swift */ = {isa = PBXFileReference; lastKnownFileType = sourcecode.swift; path = AppDelegate.swift; sourceTree = "<group>"; };
		99C116942547C6EA00E14369 /* ProductListViewController.swift */ = {isa = PBXFileReference; lastKnownFileType = sourcecode.swift; path = ProductListViewController.swift; sourceTree = "<group>"; };
		99C116992547C6EC00E14369 /* Assets.xcassets */ = {isa = PBXFileReference; lastKnownFileType = folder.assetcatalog; path = Assets.xcassets; sourceTree = "<group>"; };
		99C1169C2547C6EC00E14369 /* Base */ = {isa = PBXFileReference; lastKnownFileType = file.storyboard; name = Base; path = Base.lproj/LaunchScreen.storyboard; sourceTree = "<group>"; };
		99C1169E2547C6EC00E14369 /* Info.plist */ = {isa = PBXFileReference; lastKnownFileType = text.plist.xml; path = Info.plist; sourceTree = "<group>"; };
		99C116A32547C6EC00E14369 /* foodpanda-product-listingTests.xctest */ = {isa = PBXFileReference; explicitFileType = wrapper.cfbundle; includeInIndex = 0; path = "foodpanda-product-listingTests.xctest"; sourceTree = BUILT_PRODUCTS_DIR; };
		99C116A72547C6EC00E14369 /* foodpanda_product_listingTests.swift */ = {isa = PBXFileReference; lastKnownFileType = sourcecode.swift; path = foodpanda_product_listingTests.swift; sourceTree = "<group>"; };
		99C116A92547C6EC00E14369 /* Info.plist */ = {isa = PBXFileReference; lastKnownFileType = text.plist.xml; path = Info.plist; sourceTree = "<group>"; };
		99C116AE2547C6EC00E14369 /* foodpanda-product-listingUITests.xctest */ = {isa = PBXFileReference; explicitFileType = wrapper.cfbundle; includeInIndex = 0; path = "foodpanda-product-listingUITests.xctest"; sourceTree = BUILT_PRODUCTS_DIR; };
		99C116B22547C6EC00E14369 /* foodpanda_product_listingUITests.swift */ = {isa = PBXFileReference; lastKnownFileType = sourcecode.swift; path = foodpanda_product_listingUITests.swift; sourceTree = "<group>"; };
		99C116B42547C6EC00E14369 /* Info.plist */ = {isa = PBXFileReference; lastKnownFileType = text.plist.xml; path = Info.plist; sourceTree = "<group>"; };
		99C116C02547D9CF00E14369 /* README.md */ = {isa = PBXFileReference; lastKnownFileType = net.daringfireball.markdown; path = README.md; sourceTree = "<group>"; };
		99C116C12547DDDF00E14369 /* products.json */ = {isa = PBXFileReference; lastKnownFileType = text.json; path = products.json; sourceTree = "<group>"; };
		99C116C2254822F400E14369 /* ui.png */ = {isa = PBXFileReference; lastKnownFileType = image.png; path = ui.png; sourceTree = "<group>"; };
/* End PBXFileReference section */

/* Begin PBXFrameworksBuildPhase section */
		99C1168A2547C6EA00E14369 /* Frameworks */ = {
			isa = PBXFrameworksBuildPhase;
			buildActionMask = 2147483647;
			files = (
				3E6E1C97254EB22B0001E667 /* SDWebImage in Frameworks */,
			);
			runOnlyForDeploymentPostprocessing = 0;
		};
		99C116A02547C6EC00E14369 /* Frameworks */ = {
			isa = PBXFrameworksBuildPhase;
			buildActionMask = 2147483647;
			files = (
			);
			runOnlyForDeploymentPostprocessing = 0;
		};
		99C116AB2547C6EC00E14369 /* Frameworks */ = {
			isa = PBXFrameworksBuildPhase;
			buildActionMask = 2147483647;
			files = (
			);
			runOnlyForDeploymentPostprocessing = 0;
		};
/* End PBXFrameworksBuildPhase section */

/* Begin PBXGroup section */
		3E6E1C98254EB6600001E667 /* ProductList */ = {
			isa = PBXGroup;
			children = (
				3EFAD017254EE5000041A2CB /* Worker */,
				3E6E1C9E254EB6980001E667 /* View */,
				3E6E1C9D254EB68F0001E667 /* Presenter */,
				3E6E1C9C254EB6880001E667 /* Router */,
				3E6E1C9B254EB6800001E667 /* Interactor */,
				3E6E1C9A254EB6770001E667 /* Entity */,
				3E6E1C99254EB66E0001E667 /* Protocol */,
			);
			path = ProductList;
			sourceTree = "<group>";
		};
		3E6E1C99254EB66E0001E667 /* Protocol */ = {
			isa = PBXGroup;
			children = (
				3E6E1C9F254EB87C0001E667 /* ProductListProtocol.swift */,
			);
			path = Protocol;
			sourceTree = "<group>";
		};
		3E6E1C9A254EB6770001E667 /* Entity */ = {
			isa = PBXGroup;
			children = (
				3E6DA236254DD06500D8D380 /* ItemModel.swift */,
			);
			path = Entity;
			sourceTree = "<group>";
		};
		3E6E1C9B254EB6800001E667 /* Interactor */ = {
			isa = PBXGroup;
			children = (
				3E6E1CA3254EBA640001E667 /* ProductListInteractor.swift */,
			);
			path = Interactor;
			sourceTree = "<group>";
		};
		3E6E1C9C254EB6880001E667 /* Router */ = {
			isa = PBXGroup;
			children = (
				3E6E1CA5254EBB3D0001E667 /* ProductListRouter.swift */,
			);
			path = Router;
			sourceTree = "<group>";
		};
		3E6E1C9D254EB68F0001E667 /* Presenter */ = {
			isa = PBXGroup;
			children = (
				3E6E1CA1254EB92C0001E667 /* ProductListPresenter.swift */,
			);
			path = Presenter;
			sourceTree = "<group>";
		};
		3E6E1C9E254EB6980001E667 /* View */ = {
			isa = PBXGroup;
			children = (
				3E6DA234254DB77C00D8D380 /* ItemCollectionViewCell.swift */,
				99C116942547C6EA00E14369 /* ProductListViewController.swift */,
			);
			path = View;
			sourceTree = "<group>";
		};
		3E6E1CA7254ECFD60001E667 /* Common */ = {
			isa = PBXGroup;
			children = (
				99C116902547C6EA00E14369 /* AppDelegate.swift */,
				99C116992547C6EC00E14369 /* Assets.xcassets */,
				99C1169B2547C6EC00E14369 /* LaunchScreen.storyboard */,
				3ECBB7EF254E9FE5002A9A12 /* Product.storyboard */,
				3E09C457254F4030001273BA /* AppConstant.swift */,
			);
			path = Common;
			sourceTree = "<group>";
		};
		3EFAD017254EE5000041A2CB /* Worker */ = {
			isa = PBXGroup;
			children = (
				3EFAD018254EE5130041A2CB /* DataWorker.swift */,
			);
			path = Worker;
			sourceTree = "<group>";
		};
		99C116842547C6EA00E14369 = {
			isa = PBXGroup;
			children = (
				99C116C2254822F400E14369 /* ui.png */,
				99C116C12547DDDF00E14369 /* products.json */,
				99C116C02547D9CF00E14369 /* README.md */,
				99C1168F2547C6EA00E14369 /* foodpanda-product-listing */,
				99C116A62547C6EC00E14369 /* foodpanda-product-listingTests */,
				99C116B12547C6EC00E14369 /* foodpanda-product-listingUITests */,
				99C1168E2547C6EA00E14369 /* Products */,
			);
			sourceTree = "<group>";
		};
		99C1168E2547C6EA00E14369 /* Products */ = {
			isa = PBXGroup;
			children = (
				99C1168D2547C6EA00E14369 /* foodpanda-product-listing.app */,
				99C116A32547C6EC00E14369 /* foodpanda-product-listingTests.xctest */,
				99C116AE2547C6EC00E14369 /* foodpanda-product-listingUITests.xctest */,
			);
			name = Products;
			sourceTree = "<group>";
		};
		99C1168F2547C6EA00E14369 /* foodpanda-product-listing */ = {
			isa = PBXGroup;
			children = (
				99C1169E2547C6EC00E14369 /* Info.plist */,
				3E6E1CA7254ECFD60001E667 /* Common */,
				3E6E1C98254EB6600001E667 /* ProductList */,
			);
			path = "foodpanda-product-listing";
			sourceTree = "<group>";
		};
		99C116A62547C6EC00E14369 /* foodpanda-product-listingTests */ = {
			isa = PBXGroup;
			children = (
				99C116A72547C6EC00E14369 /* foodpanda_product_listingTests.swift */,
				99C116A92547C6EC00E14369 /* Info.plist */,
			);
			path = "foodpanda-product-listingTests";
			sourceTree = "<group>";
		};
		99C116B12547C6EC00E14369 /* foodpanda-product-listingUITests */ = {
			isa = PBXGroup;
			children = (
				99C116B22547C6EC00E14369 /* foodpanda_product_listingUITests.swift */,
				99C116B42547C6EC00E14369 /* Info.plist */,
			);
			path = "foodpanda-product-listingUITests";
			sourceTree = "<group>";
		};
/* End PBXGroup section */

/* Begin PBXNativeTarget section */
		99C1168C2547C6EA00E14369 /* foodpanda-product-listing */ = {
			isa = PBXNativeTarget;
			buildConfigurationList = 99C116B72547C6EC00E14369 /* Build configuration list for PBXNativeTarget "foodpanda-product-listing" */;
			buildPhases = (
				99C116892547C6EA00E14369 /* Sources */,
				99C1168A2547C6EA00E14369 /* Frameworks */,
				99C1168B2547C6EA00E14369 /* Resources */,
			);
			buildRules = (
			);
			dependencies = (
			);
			name = "foodpanda-product-listing";
			packageProductDependencies = (
				3E6E1C96254EB22B0001E667 /* SDWebImage */,
			);
			productName = "foodpanda-product-listing";
			productReference = 99C1168D2547C6EA00E14369 /* foodpanda-product-listing.app */;
			productType = "com.apple.product-type.application";
		};
		99C116A22547C6EC00E14369 /* foodpanda-product-listingTests */ = {
			isa = PBXNativeTarget;
			buildConfigurationList = 99C116BA2547C6EC00E14369 /* Build configuration list for PBXNativeTarget "foodpanda-product-listingTests" */;
			buildPhases = (
				99C1169F2547C6EC00E14369 /* Sources */,
				99C116A02547C6EC00E14369 /* Frameworks */,
				99C116A12547C6EC00E14369 /* Resources */,
			);
			buildRules = (
			);
			dependencies = (
				99C116A52547C6EC00E14369 /* PBXTargetDependency */,
			);
			name = "foodpanda-product-listingTests";
			productName = "foodpanda-product-listingTests";
			productReference = 99C116A32547C6EC00E14369 /* foodpanda-product-listingTests.xctest */;
			productType = "com.apple.product-type.bundle.unit-test";
		};
		99C116AD2547C6EC00E14369 /* foodpanda-product-listingUITests */ = {
			isa = PBXNativeTarget;
			buildConfigurationList = 99C116BD2547C6EC00E14369 /* Build configuration list for PBXNativeTarget "foodpanda-product-listingUITests" */;
			buildPhases = (
				99C116AA2547C6EC00E14369 /* Sources */,
				99C116AB2547C6EC00E14369 /* Frameworks */,
				99C116AC2547C6EC00E14369 /* Resources */,
			);
			buildRules = (
			);
			dependencies = (
				99C116B02547C6EC00E14369 /* PBXTargetDependency */,
			);
			name = "foodpanda-product-listingUITests";
			productName = "foodpanda-product-listingUITests";
			productReference = 99C116AE2547C6EC00E14369 /* foodpanda-product-listingUITests.xctest */;
			productType = "com.apple.product-type.bundle.ui-testing";
		};
/* End PBXNativeTarget section */

/* Begin PBXProject section */
		99C116852547C6EA00E14369 /* Project object */ = {
			isa = PBXProject;
			attributes = {
				LastSwiftUpdateCheck = 1170;
				LastUpgradeCheck = 1170;
				ORGANIZATIONNAME = foodpanda;
				TargetAttributes = {
					99C1168C2547C6EA00E14369 = {
						CreatedOnToolsVersion = 11.7;
					};
					99C116A22547C6EC00E14369 = {
						CreatedOnToolsVersion = 11.7;
						TestTargetID = 99C1168C2547C6EA00E14369;
					};
					99C116AD2547C6EC00E14369 = {
						CreatedOnToolsVersion = 11.7;
						TestTargetID = 99C1168C2547C6EA00E14369;
					};
				};
			};
			buildConfigurationList = 99C116882547C6EA00E14369 /* Build configuration list for PBXProject "foodpanda-product-listing" */;
			compatibilityVersion = "Xcode 11.0";
			developmentRegion = en;
			hasScannedForEncodings = 0;
			knownRegions = (
				en,
				Base,
			);
			mainGroup = 99C116842547C6EA00E14369;
			packageReferences = (
				3E6E1C95254EB22B0001E667 /* XCRemoteSwiftPackageReference "SDWebImage" */,
			);
			productRefGroup = 99C1168E2547C6EA00E14369 /* Products */;
			projectDirPath = "";
			projectRoot = "";
			targets = (
				99C1168C2547C6EA00E14369 /* foodpanda-product-listing */,
				99C116A22547C6EC00E14369 /* foodpanda-product-listingTests */,
				99C116AD2547C6EC00E14369 /* foodpanda-product-listingUITests */,
			);
		};
/* End PBXProject section */

/* Begin PBXResourcesBuildPhase section */
		99C1168B2547C6EA00E14369 /* Resources */ = {
			isa = PBXResourcesBuildPhase;
			buildActionMask = 2147483647;
			files = (
				99C1169D2547C6EC00E14369 /* LaunchScreen.storyboard in Resources */,
				3E6DA238254DD12A00D8D380 /* products.json in Resources */,
				3ECBB7F0254E9FE5002A9A12 /* Product.storyboard in Resources */,
				99C1169A2547C6EC00E14369 /* Assets.xcassets in Resources */,
			);
			runOnlyForDeploymentPostprocessing = 0;
		};
		99C116A12547C6EC00E14369 /* Resources */ = {
			isa = PBXResourcesBuildPhase;
			buildActionMask = 2147483647;
			files = (
			);
			runOnlyForDeploymentPostprocessing = 0;
		};
		99C116AC2547C6EC00E14369 /* Resources */ = {
			isa = PBXResourcesBuildPhase;
			buildActionMask = 2147483647;
			files = (
			);
			runOnlyForDeploymentPostprocessing = 0;
		};
/* End PBXResourcesBuildPhase section */

/* Begin PBXSourcesBuildPhase section */
		99C116892547C6EA00E14369 /* Sources */ = {
			isa = PBXSourcesBuildPhase;
			buildActionMask = 2147483647;
			files = (
				3E6E1CA6254EBB3D0001E667 /* ProductListRouter.swift in Sources */,
				3E6DA235254DB77C00D8D380 /* ItemCollectionViewCell.swift in Sources */,
				3EFAD019254EE5130041A2CB /* DataWorker.swift in Sources */,
				3E6E1CA4254EBA640001E667 /* ProductListInteractor.swift in Sources */,
				3E6E1CA0254EB87C0001E667 /* ProductListProtocol.swift in Sources */,
				99C116952547C6EA00E14369 /* ProductListViewController.swift in Sources */,
				3E6DA237254DD06500D8D380 /* ItemModel.swift in Sources */,
				3E09C458254F4030001273BA /* AppConstant.swift in Sources */,
				3E6E1CA2254EB92C0001E667 /* ProductListPresenter.swift in Sources */,
				99C116912547C6EA00E14369 /* AppDelegate.swift in Sources */,
			);
			runOnlyForDeploymentPostprocessing = 0;
		};
		99C1169F2547C6EC00E14369 /* Sources */ = {
			isa = PBXSourcesBuildPhase;
			buildActionMask = 2147483647;
			files = (
				99C116A82547C6EC00E14369 /* foodpanda_product_listingTests.swift in Sources */,
			);
			runOnlyForDeploymentPostprocessing = 0;
		};
		99C116AA2547C6EC00E14369 /* Sources */ = {
			isa = PBXSourcesBuildPhase;
			buildActionMask = 2147483647;
			files = (
				99C116B32547C6EC00E14369 /* foodpanda_product_listingUITests.swift in Sources */,
			);
			runOnlyForDeploymentPostprocessing = 0;
		};
/* End PBXSourcesBuildPhase section */

/* Begin PBXTargetDependency section */
		99C116A52547C6EC00E14369 /* PBXTargetDependency */ = {
			isa = PBXTargetDependency;
			target = 99C1168C2547C6EA00E14369 /* foodpanda-product-listing */;
			targetProxy = 99C116A42547C6EC00E14369 /* PBXContainerItemProxy */;
		};
		99C116B02547C6EC00E14369 /* PBXTargetDependency */ = {
			isa = PBXTargetDependency;
			target = 99C1168C2547C6EA00E14369 /* foodpanda-product-listing */;
			targetProxy = 99C116AF2547C6EC00E14369 /* PBXContainerItemProxy */;
		};
/* End PBXTargetDependency section */

/* Begin PBXVariantGroup section */
		99C1169B2547C6EC00E14369 /* LaunchScreen.storyboard */ = {
			isa = PBXVariantGroup;
			children = (
				99C1169C2547C6EC00E14369 /* Base */,
			);
			name = LaunchScreen.storyboard;
			sourceTree = "<group>";
		};
/* End PBXVariantGroup section */

/* Begin XCBuildConfiguration section */
		99C116B52547C6EC00E14369 /* Debug */ = {
			isa = XCBuildConfiguration;
			buildSettings = {
				ALWAYS_SEARCH_USER_PATHS = NO;
				CLANG_ANALYZER_NONNULL = YES;
				CLANG_ANALYZER_NUMBER_OBJECT_CONVERSION = YES_AGGRESSIVE;
				CLANG_CXX_LANGUAGE_STANDARD = "gnu++14";
				CLANG_CXX_LIBRARY = "libc++";
				CLANG_ENABLE_MODULES = YES;
				CLANG_ENABLE_OBJC_ARC = YES;
				CLANG_ENABLE_OBJC_WEAK = YES;
				CLANG_WARN_BLOCK_CAPTURE_AUTORELEASING = YES;
				CLANG_WARN_BOOL_CONVERSION = YES;
				CLANG_WARN_COMMA = YES;
				CLANG_WARN_CONSTANT_CONVERSION = YES;
				CLANG_WARN_DEPRECATED_OBJC_IMPLEMENTATIONS = YES;
				CLANG_WARN_DIRECT_OBJC_ISA_USAGE = YES_ERROR;
				CLANG_WARN_DOCUMENTATION_COMMENTS = YES;
				CLANG_WARN_EMPTY_BODY = YES;
				CLANG_WARN_ENUM_CONVERSION = YES;
				CLANG_WARN_INFINITE_RECURSION = YES;
				CLANG_WARN_INT_CONVERSION = YES;
				CLANG_WARN_NON_LITERAL_NULL_CONVERSION = YES;
				CLANG_WARN_OBJC_IMPLICIT_RETAIN_SELF = YES;
				CLANG_WARN_OBJC_LITERAL_CONVERSION = YES;
				CLANG_WARN_OBJC_ROOT_CLASS = YES_ERROR;
				CLANG_WARN_RANGE_LOOP_ANALYSIS = YES;
				CLANG_WARN_STRICT_PROTOTYPES = YES;
				CLANG_WARN_SUSPICIOUS_MOVE = YES;
				CLANG_WARN_UNGUARDED_AVAILABILITY = YES_AGGRESSIVE;
				CLANG_WARN_UNREACHABLE_CODE = YES;
				CLANG_WARN__DUPLICATE_METHOD_MATCH = YES;
				COPY_PHASE_STRIP = NO;
				DEBUG_INFORMATION_FORMAT = dwarf;
				ENABLE_STRICT_OBJC_MSGSEND = YES;
				ENABLE_TESTABILITY = YES;
				GCC_C_LANGUAGE_STANDARD = gnu11;
				GCC_DYNAMIC_NO_PIC = NO;
				GCC_NO_COMMON_BLOCKS = YES;
				GCC_OPTIMIZATION_LEVEL = 0;
				GCC_PREPROCESSOR_DEFINITIONS = (
					"DEBUG=1",
					"$(inherited)",
				);
				GCC_WARN_64_TO_32_BIT_CONVERSION = YES;
				GCC_WARN_ABOUT_RETURN_TYPE = YES_ERROR;
				GCC_WARN_UNDECLARED_SELECTOR = YES;
				GCC_WARN_UNINITIALIZED_AUTOS = YES_AGGRESSIVE;
				GCC_WARN_UNUSED_FUNCTION = YES;
				GCC_WARN_UNUSED_VARIABLE = YES;
				IPHONEOS_DEPLOYMENT_TARGET = 11.0;
				MTL_ENABLE_DEBUG_INFO = INCLUDE_SOURCE;
				MTL_FAST_MATH = YES;
				ONLY_ACTIVE_ARCH = YES;
				SDKROOT = iphoneos;
				SWIFT_ACTIVE_COMPILATION_CONDITIONS = DEBUG;
				SWIFT_OPTIMIZATION_LEVEL = "-Onone";
			};
			name = Debug;
		};
		99C116B62547C6EC00E14369 /* Release */ = {
			isa = XCBuildConfiguration;
			buildSettings = {
				ALWAYS_SEARCH_USER_PATHS = NO;
				CLANG_ANALYZER_NONNULL = YES;
				CLANG_ANALYZER_NUMBER_OBJECT_CONVERSION = YES_AGGRESSIVE;
				CLANG_CXX_LANGUAGE_STANDARD = "gnu++14";
				CLANG_CXX_LIBRARY = "libc++";
				CLANG_ENABLE_MODULES = YES;
				CLANG_ENABLE_OBJC_ARC = YES;
				CLANG_ENABLE_OBJC_WEAK = YES;
				CLANG_WARN_BLOCK_CAPTURE_AUTORELEASING = YES;
				CLANG_WARN_BOOL_CONVERSION = YES;
				CLANG_WARN_COMMA = YES;
				CLANG_WARN_CONSTANT_CONVERSION = YES;
				CLANG_WARN_DEPRECATED_OBJC_IMPLEMENTATIONS = YES;
				CLANG_WARN_DIRECT_OBJC_ISA_USAGE = YES_ERROR;
				CLANG_WARN_DOCUMENTATION_COMMENTS = YES;
				CLANG_WARN_EMPTY_BODY = YES;
				CLANG_WARN_ENUM_CONVERSION = YES;
				CLANG_WARN_INFINITE_RECURSION = YES;
				CLANG_WARN_INT_CONVERSION = YES;
				CLANG_WARN_NON_LITERAL_NULL_CONVERSION = YES;
				CLANG_WARN_OBJC_IMPLICIT_RETAIN_SELF = YES;
				CLANG_WARN_OBJC_LITERAL_CONVERSION = YES;
				CLANG_WARN_OBJC_ROOT_CLASS = YES_ERROR;
				CLANG_WARN_RANGE_LOOP_ANALYSIS = YES;
				CLANG_WARN_STRICT_PROTOTYPES = YES;
				CLANG_WARN_SUSPICIOUS_MOVE = YES;
				CLANG_WARN_UNGUARDED_AVAILABILITY = YES_AGGRESSIVE;
				CLANG_WARN_UNREACHABLE_CODE = YES;
				CLANG_WARN__DUPLICATE_METHOD_MATCH = YES;
				COPY_PHASE_STRIP = NO;
				DEBUG_INFORMATION_FORMAT = "dwarf-with-dsym";
				ENABLE_NS_ASSERTIONS = NO;
				ENABLE_STRICT_OBJC_MSGSEND = YES;
				GCC_C_LANGUAGE_STANDARD = gnu11;
				GCC_NO_COMMON_BLOCKS = YES;
				GCC_WARN_64_TO_32_BIT_CONVERSION = YES;
				GCC_WARN_ABOUT_RETURN_TYPE = YES_ERROR;
				GCC_WARN_UNDECLARED_SELECTOR = YES;
				GCC_WARN_UNINITIALIZED_AUTOS = YES_AGGRESSIVE;
				GCC_WARN_UNUSED_FUNCTION = YES;
				GCC_WARN_UNUSED_VARIABLE = YES;
				IPHONEOS_DEPLOYMENT_TARGET = 11.0;
				MTL_ENABLE_DEBUG_INFO = NO;
				MTL_FAST_MATH = YES;
				SDKROOT = iphoneos;
				SWIFT_COMPILATION_MODE = wholemodule;
				SWIFT_OPTIMIZATION_LEVEL = "-O";
				VALIDATE_PRODUCT = YES;
			};
			name = Release;
		};
		99C116B82547C6EC00E14369 /* Debug */ = {
			isa = XCBuildConfiguration;
			buildSettings = {
				ASSETCATALOG_COMPILER_APPICON_NAME = AppIcon;
				CODE_SIGN_STYLE = Automatic;
				DEVELOPMENT_TEAM = PAG7E633X4;
				INFOPLIST_FILE = "foodpanda-product-listing/Info.plist";
				IPHONEOS_DEPLOYMENT_TARGET = 11.0;
				LD_RUNPATH_SEARCH_PATHS = (
					"$(inherited)",
					"@executable_path/Frameworks",
				);
				PRODUCT_BUNDLE_IDENTIFIER = "dh.foodpanda-product-listing";
				PRODUCT_NAME = "$(TARGET_NAME)";
				SWIFT_ENFORCE_EXCLUSIVE_ACCESS = on;
				SWIFT_VERSION = 5.0;
				TARGETED_DEVICE_FAMILY = 1;
			};
			name = Debug;
		};
		99C116B92547C6EC00E14369 /* Release */ = {
			isa = XCBuildConfiguration;
			buildSettings = {
				ASSETCATALOG_COMPILER_APPICON_NAME = AppIcon;
				CODE_SIGN_STYLE = Automatic;
				DEVELOPMENT_TEAM = PAG7E633X4;
				INFOPLIST_FILE = "foodpanda-product-listing/Info.plist";
				IPHONEOS_DEPLOYMENT_TARGET = 11.0;
				LD_RUNPATH_SEARCH_PATHS = (
					"$(inherited)",
					"@executable_path/Frameworks",
				);
				PRODUCT_BUNDLE_IDENTIFIER = "dh.foodpanda-product-listing";
				PRODUCT_NAME = "$(TARGET_NAME)";
				SWIFT_ENFORCE_EXCLUSIVE_ACCESS = on;
				SWIFT_VERSION = 5.0;
				TARGETED_DEVICE_FAMILY = 1;
			};
			name = Release;
		};
		99C116BB2547C6EC00E14369 /* Debug */ = {
			isa = XCBuildConfiguration;
			buildSettings = {
				ALWAYS_EMBED_SWIFT_STANDARD_LIBRARIES = YES;
				BUNDLE_LOADER = "$(TEST_HOST)";
				CODE_SIGN_STYLE = Automatic;
				INFOPLIST_FILE = "foodpanda-product-listingTests/Info.plist";
				IPHONEOS_DEPLOYMENT_TARGET = 11.0;
				LD_RUNPATH_SEARCH_PATHS = (
					"$(inherited)",
					"@executable_path/Frameworks",
					"@loader_path/Frameworks",
				);
				PRODUCT_BUNDLE_IDENTIFIER = "dh.foodpanda-product-listingTests";
				PRODUCT_NAME = "$(TARGET_NAME)";
				SWIFT_VERSION = 5.0;
				TARGETED_DEVICE_FAMILY = "1,2";
				TEST_HOST = "$(BUILT_PRODUCTS_DIR)/foodpanda-product-listing.app/foodpanda-product-listing";
			};
			name = Debug;
		};
		99C116BC2547C6EC00E14369 /* Release */ = {
			isa = XCBuildConfiguration;
			buildSettings = {
				ALWAYS_EMBED_SWIFT_STANDARD_LIBRARIES = YES;
				BUNDLE_LOADER = "$(TEST_HOST)";
				CODE_SIGN_STYLE = Automatic;
				INFOPLIST_FILE = "foodpanda-product-listingTests/Info.plist";
				IPHONEOS_DEPLOYMENT_TARGET = 11.0;
				LD_RUNPATH_SEARCH_PATHS = (
					"$(inherited)",
					"@executable_path/Frameworks",
					"@loader_path/Frameworks",
				);
				PRODUCT_BUNDLE_IDENTIFIER = "dh.foodpanda-product-listingTests";
				PRODUCT_NAME = "$(TARGET_NAME)";
				SWIFT_VERSION = 5.0;
				TARGETED_DEVICE_FAMILY = "1,2";
				TEST_HOST = "$(BUILT_PRODUCTS_DIR)/foodpanda-product-listing.app/foodpanda-product-listing";
			};
			name = Release;
		};
		99C116BE2547C6EC00E14369 /* Debug */ = {
			isa = XCBuildConfiguration;
			buildSettings = {
				ALWAYS_EMBED_SWIFT_STANDARD_LIBRARIES = YES;
				CODE_SIGN_STYLE = Automatic;
				INFOPLIST_FILE = "foodpanda-product-listingUITests/Info.plist";
				LD_RUNPATH_SEARCH_PATHS = (
					"$(inherited)",
					"@executable_path/Frameworks",
					"@loader_path/Frameworks",
				);
				PRODUCT_BUNDLE_IDENTIFIER = "dh.foodpanda-product-listingUITests";
				PRODUCT_NAME = "$(TARGET_NAME)";
				SWIFT_VERSION = 5.0;
				TARGETED_DEVICE_FAMILY = "1,2";
				TEST_TARGET_NAME = "foodpanda-product-listing";
			};
			name = Debug;
		};
		99C116BF2547C6EC00E14369 /* Release */ = {
			isa = XCBuildConfiguration;
			buildSettings = {
				ALWAYS_EMBED_SWIFT_STANDARD_LIBRARIES = YES;
				CODE_SIGN_STYLE = Automatic;
				INFOPLIST_FILE = "foodpanda-product-listingUITests/Info.plist";
				LD_RUNPATH_SEARCH_PATHS = (
					"$(inherited)",
					"@executable_path/Frameworks",
					"@loader_path/Frameworks",
				);
				PRODUCT_BUNDLE_IDENTIFIER = "dh.foodpanda-product-listingUITests";
				PRODUCT_NAME = "$(TARGET_NAME)";
				SWIFT_VERSION = 5.0;
				TARGETED_DEVICE_FAMILY = "1,2";
				TEST_TARGET_NAME = "foodpanda-product-listing";
			};
			name = Release;
		};
/* End XCBuildConfiguration section */

/* Begin XCConfigurationList section */
		99C116882547C6EA00E14369 /* Build configuration list for PBXProject "foodpanda-product-listing" */ = {
			isa = XCConfigurationList;
			buildConfigurations = (
				99C116B52547C6EC00E14369 /* Debug */,
				99C116B62547C6EC00E14369 /* Release */,
			);
			defaultConfigurationIsVisible = 0;
			defaultConfigurationName = Release;
		};
		99C116B72547C6EC00E14369 /* Build configuration list for PBXNativeTarget "foodpanda-product-listing" */ = {
			isa = XCConfigurationList;
			buildConfigurations = (
				99C116B82547C6EC00E14369 /* Debug */,
				99C116B92547C6EC00E14369 /* Release */,
			);
			defaultConfigurationIsVisible = 0;
			defaultConfigurationName = Release;
		};
		99C116BA2547C6EC00E14369 /* Build configuration list for PBXNativeTarget "foodpanda-product-listingTests" */ = {
			isa = XCConfigurationList;
			buildConfigurations = (
				99C116BB2547C6EC00E14369 /* Debug */,
				99C116BC2547C6EC00E14369 /* Release */,
			);
			defaultConfigurationIsVisible = 0;
			defaultConfigurationName = Release;
		};
		99C116BD2547C6EC00E14369 /* Build configuration list for PBXNativeTarget "foodpanda-product-listingUITests" */ = {
			isa = XCConfigurationList;
			buildConfigurations = (
				99C116BE2547C6EC00E14369 /* Debug */,
				99C116BF2547C6EC00E14369 /* Release */,
			);
			defaultConfigurationIsVisible = 0;
			defaultConfigurationName = Release;
		};
/* End XCConfigurationList section */

/* Begin XCRemoteSwiftPackageReference section */
		3E6E1C95254EB22B0001E667 /* XCRemoteSwiftPackageReference "SDWebImage" */ = {
			isa = XCRemoteSwiftPackageReference;
			repositoryURL = "https://github.com/SDWebImage/SDWebImage.git";
			requirement = {
				kind = upToNextMajorVersion;
				minimumVersion = 5.9.4;
			};
		};
/* End XCRemoteSwiftPackageReference section */

/* Begin XCSwiftPackageProductDependency section */
		3E6E1C96254EB22B0001E667 /* SDWebImage */ = {
			isa = XCSwiftPackageProductDependency;
			package = 3E6E1C95254EB22B0001E667 /* XCRemoteSwiftPackageReference "SDWebImage" */;
			productName = SDWebImage;
		};
/* End XCSwiftPackageProductDependency section */
	};
	rootObject = 99C116852547C6EA00E14369 /* Project object */;
}
